
Microsoft Visual Studio Solution File, Format Version 12.00
# Visual Studio 15
VisualStudioVersion = 15.0.26206.0
MinimumVisualStudioVersion = 10.0.40219.1
Project("{FAE04EC0-301F-11D3-BF4B-00C04F79EFBC}") = "OSS.PayCenter.WX", "WX\OSS.PayCenter.WX\OSS.PayCenter.WX.csproj", "{6153BC7A-4142-4814-8AFB-85C18C8D1770}"
EndProject
Project("{2150E333-8FDC-42A3-9474-1A3956D46DE8}") = "Samples", "Samples", "{39B9C1EB-5ADA-4004-8F41-CAE85296EADA}"
EndProject
Project("{2150E333-8FDC-42A3-9474-1A3956D46DE8}") = "WX", "WX", "{35770F5D-B3B8-4DA5-8F53-138908D2203D}"
EndProject
Project("{FAE04EC0-301F-11D3-BF4B-00C04F79EFBC}") = "OSS.PayCenter.Samples", "Samples\OSS.PayCenter.Samples\OSS.PayCenter.Samples.csproj", "{8DC94933-8C6B-4624-8724-6846E8568E9A}"
EndProject
Project("{FAE04EC0-301F-11D3-BF4B-00C04F79EFBC}") = "OSS.PayCenter.Tests", "Tests\OSS.PayCenter.Tests\OSS.PayCenter.Tests.csproj", "{87BB35B0-471B-4DAC-9096-EC03FB3F37F8}"
EndProject
Global
	GlobalSection(SolutionConfigurationPlatforms) = preSolution
		Debug|Any CPU = Debug|Any CPU
		Debug|x64 = Debug|x64
		Debug|x86 = Debug|x86
		Release|Any CPU = Release|Any CPU
		Release|x64 = Release|x64
		Release|x86 = Release|x86
	EndGlobalSection
	GlobalSection(ProjectConfigurationPlatforms) = postSolution
		{6153BC7A-4142-4814-8AFB-85C18C8D1770}.Debug|Any CPU.ActiveCfg = Debug|Any CPU
		{6153BC7A-4142-4814-8AFB-85C18C8D1770}.Debug|Any CPU.Build.0 = Debug|Any CPU
		{6153BC7A-4142-4814-8AFB-85C18C8D1770}.Debug|x64.ActiveCfg = Debug|x64
		{6153BC7A-4142-4814-8AFB-85C18C8D1770}.Debug|x64.Build.0 = Debug|x64
		{6153BC7A-4142-4814-8AFB-85C18C8D1770}.Debug|x86.ActiveCfg = Debug|x86
		{6153BC7A-4142-4814-8AFB-85C18C8D1770}.Debug|x86.Build.0 = Debug|x86
		{6153BC7A-4142-4814-8AFB-85C18C8D1770}.Release|Any CPU.ActiveCfg = Release|Any CPU
		{6153BC7A-4142-4814-8AFB-85C18C8D1770}.Release|Any CPU.Build.0 = Release|Any CPU
		{6153BC7A-4142-4814-8AFB-85C18C8D1770}.Release|x64.ActiveCfg = Release|x64
		{6153BC7A-4142-4814-8AFB-85C18C8D1770}.Release|x64.Build.0 = Release|x64
		{6153BC7A-4142-4814-8AFB-85C18C8D1770}.Release|x86.ActiveCfg = Release|x86
		{6153BC7A-4142-4814-8AFB-85C18C8D1770}.Release|x86.Build.0 = Release|x86
		{8DC94933-8C6B-4624-8724-6846E8568E9A}.Debug|Any CPU.ActiveCfg = Debug|Any CPU
		{8DC94933-8C6B-4624-8724-6846E8568E9A}.Debug|Any CPU.Build.0 = Debug|Any CPU
		{8DC94933-8C6B-4624-8724-6846E8568E9A}.Debug|x64.ActiveCfg = Debug|x64
		{8DC94933-8C6B-4624-8724-6846E8568E9A}.Debug|x64.Build.0 = Debug|x64
		{8DC94933-8C6B-4624-8724-6846E8568E9A}.Debug|x86.ActiveCfg = Debug|x86
		{8DC94933-8C6B-4624-8724-6846E8568E9A}.Debug|x86.Build.0 = Debug|x86
		{8DC94933-8C6B-4624-8724-6846E8568E9A}.Release|Any CPU.ActiveCfg = Release|Any CPU
		{8DC94933-8C6B-4624-8724-6846E8568E9A}.Release|Any CPU.Build.0 = Release|Any CPU
		{8DC94933-8C6B-4624-8724-6846E8568E9A}.Release|x64.ActiveCfg = Release|x64
		{8DC94933-8C6B-4624-8724-6846E8568E9A}.Release|x64.Build.0 = Release|x64
		{8DC94933-8C6B-4624-8724-6846E8568E9A}.Release|x86.ActiveCfg = Release|x86
		{8DC94933-8C6B-4624-8724-6846E8568E9A}.Release|x86.Build.0 = Release|x86
		{87BB35B0-471B-4DAC-9096-EC03FB3F37F8}.Debug|Any CPU.ActiveCfg = Debug|Any CPU
		{87BB35B0-471B-4DAC-9096-EC03FB3F37F8}.Debug|Any CPU.Build.0 = Debug|Any CPU
		{87BB35B0-471B-4DAC-9096-EC03FB3F37F8}.Debug|x64.ActiveCfg = Debug|Any CPU
		{87BB35B0-471B-4DAC-9096-EC03FB3F37F8}.Debug|x64.Build.0 = Debug|Any CPU
		{87BB35B0-471B-4DAC-9096-EC03FB3F37F8}.Debug|x86.ActiveCfg = Debug|Any CPU
		{87BB35B0-471B-4DAC-9096-EC03FB3F37F8}.Debug|x86.Build.0 = Debug|Any CPU
		{87BB35B0-471B-4DAC-9096-EC03FB3F37F8}.Release|Any CPU.ActiveCfg = Release|Any CPU
		{87BB35B0-471B-4DAC-9096-EC03FB3F37F8}.Release|Any CPU.Build.0 = Release|Any CPU
		{87BB35B0-471B-4DAC-9096-EC03FB3F37F8}.Release|x64.ActiveCfg = Release|Any CPU
		{87BB35B0-471B-4DAC-9096-EC03FB3F37F8}.Release|x64.Build.0 = Release|Any CPU
		{87BB35B0-471B-4DAC-9096-EC03FB3F37F8}.Release|x86.ActiveCfg = Release|Any CPU
		{87BB35B0-471B-4DAC-9096-EC03FB3F37F8}.Release|x86.Build.0 = Release|Any CPU
	EndGlobalSection
	GlobalSection(SolutionProperties) = preSolution
		HideSolutionNode = FALSE
	EndGlobalSection
	GlobalSection(NestedProjects) = preSolution
		{6153BC7A-4142-4814-8AFB-85C18C8D1770} = {35770F5D-B3B8-4DA5-8F53-138908D2203D}
		{8DC94933-8C6B-4624-8724-6846E8568E9A} = {39B9C1EB-5ADA-4004-8F41-CAE85296EADA}
	EndGlobalSection
EndGlobal
