
Microsoft Visual Studio Solution File, Format Version 12.00
# Visual Studio Version 16
VisualStudioVersion = 16.0.29509.3
MinimumVisualStudioVersion = 10.0.40219.1
Project("{2150E333-8FDC-42A3-9474-1A3956D46DE8}") = "Samples", "Samples", "{39B9C1EB-5ADA-4004-8F41-CAE85296EADA}"
EndProject
Project("{2150E333-8FDC-42A3-9474-1A3956D46DE8}") = "Tests", "Tests", "{A13DBF4A-BFDD-4FFA-8164-2DE07E39E7D8}"
EndProject
Project("{FAE04EC0-301F-11D3-BF4B-00C04F79EFBC}") = "OSS.Clients.Pay.Tests", "Tests\OSS.PayCenter.Tests\OSS.PayCenter.Tests\OSS.Clients.Pay.Tests.csproj", "{E9017396-1B6B-4C5F-BC4A-2311A1FD70AA}"
EndProject
Project("{2150E333-8FDC-42A3-9474-1A3956D46DE8}") = "Solution Items", "Solution Items", "{FF8DFEFC-D496-4AE0-9642-E25EC7928351}"
	ProjectSection(SolutionItems) = preProject
		README.md = README.md
	EndProjectSection
EndProject
Project("{2150E333-8FDC-42A3-9474-1A3956D46DE8}") = "Pay", "Pay", "{C34D8035-2C18-4221-9FE3-12A8797F0F2E}"
EndProject
Project("{9A19103F-16F7-4668-BE54-9A1E7A4F7556}") = "OSS.Clients.Pay.Ali", "Pay\OSS.Clients.Pay.Ali\OSS.Clients.Pay.Ali.csproj", "{AB029AA9-7C3F-4E00-8CD8-2491133C5DAA}"
EndProject
Project("{2150E333-8FDC-42A3-9474-1A3956D46DE8}") = "Wechat", "Wechat", "{8A8E3816-166D-4659-A79C-B708DDA1F2D4}"
EndProject
Project("{2150E333-8FDC-42A3-9474-1A3956D46DE8}") = "V2", "V2", "{665F10DE-0703-4F25-BE1B-82B64A58546D}"
EndProject
Project("{2150E333-8FDC-42A3-9474-1A3956D46DE8}") = "V3", "V3", "{BA3E3B52-FDE6-442C-B8F7-339F686F68CE}"
EndProject
Project("{9A19103F-16F7-4668-BE54-9A1E7A4F7556}") = "OSS.Clients.Pay.Wechat", "Pay\Wechat\V3\OSS.Clients.Pay.Wechat\OSS.Clients.Pay.Wechat.csproj", "{172C8A3F-66D0-43A0-9F85-53EAF620FEDE}"
EndProject
Project("{9A19103F-16F7-4668-BE54-9A1E7A4F7556}") = "OSS.Clients.Pay.Samples", "Samples\OSS.Clients.Pay.Samples\OSS.Clients.Pay.Samples.csproj", "{72F9305D-3A19-4118-8529-007E4AE0BCBC}"
EndProject
Project("{9A19103F-16F7-4668-BE54-9A1E7A4F7556}") = "OSS.Clients.Pay.WX", "Pay\Wechat\V2\OSS.Clients.Pay.WX\OSS.Clients.Pay.WX.csproj", "{629FB90D-F08F-499F-9CD0-A522078913A9}"
EndProject
Global
	GlobalSection(SolutionConfigurationPlatforms) = preSolution
		Debug|Any CPU = Debug|Any CPU
		Debug|x64 = Debug|x64
		Debug|x86 = Debug|x86
		Release|Any CPU = Release|Any CPU
		Release|x64 = Release|x64
		Release|x86 = Release|x86
	EndGlobalSection
	GlobalSection(ProjectConfigurationPlatforms) = postSolution
		{E9017396-1B6B-4C5F-BC4A-2311A1FD70AA}.Debug|Any CPU.ActiveCfg = Debug|Any CPU
		{E9017396-1B6B-4C5F-BC4A-2311A1FD70AA}.Debug|Any CPU.Build.0 = Debug|Any CPU
		{E9017396-1B6B-4C5F-BC4A-2311A1FD70AA}.Debug|x64.ActiveCfg = Debug|Any CPU
		{E9017396-1B6B-4C5F-BC4A-2311A1FD70AA}.Debug|x64.Build.0 = Debug|Any CPU
		{E9017396-1B6B-4C5F-BC4A-2311A1FD70AA}.Debug|x86.ActiveCfg = Debug|Any CPU
		{E9017396-1B6B-4C5F-BC4A-2311A1FD70AA}.Debug|x86.Build.0 = Debug|Any CPU
		{E9017396-1B6B-4C5F-BC4A-2311A1FD70AA}.Release|Any CPU.ActiveCfg = Release|Any CPU
		{E9017396-1B6B-4C5F-BC4A-2311A1FD70AA}.Release|Any CPU.Build.0 = Release|Any CPU
		{E9017396-1B6B-4C5F-BC4A-2311A1FD70AA}.Release|x64.ActiveCfg = Release|Any CPU
		{E9017396-1B6B-4C5F-BC4A-2311A1FD70AA}.Release|x64.Build.0 = Release|Any CPU
		{E9017396-1B6B-4C5F-BC4A-2311A1FD70AA}.Release|x86.ActiveCfg = Release|Any CPU
		{E9017396-1B6B-4C5F-BC4A-2311A1FD70AA}.Release|x86.Build.0 = Release|Any CPU
		{AB029AA9-7C3F-4E00-8CD8-2491133C5DAA}.Debug|Any CPU.ActiveCfg = Release|Any CPU
		{AB029AA9-7C3F-4E00-8CD8-2491133C5DAA}.Debug|Any CPU.Build.0 = Release|Any CPU
		{AB029AA9-7C3F-4E00-8CD8-2491133C5DAA}.Debug|x64.ActiveCfg = Debug|Any CPU
		{AB029AA9-7C3F-4E00-8CD8-2491133C5DAA}.Debug|x64.Build.0 = Debug|Any CPU
		{AB029AA9-7C3F-4E00-8CD8-2491133C5DAA}.Debug|x86.ActiveCfg = Debug|Any CPU
		{AB029AA9-7C3F-4E00-8CD8-2491133C5DAA}.Debug|x86.Build.0 = Debug|Any CPU
		{AB029AA9-7C3F-4E00-8CD8-2491133C5DAA}.Release|Any CPU.ActiveCfg = Release|Any CPU
		{AB029AA9-7C3F-4E00-8CD8-2491133C5DAA}.Release|Any CPU.Build.0 = Release|Any CPU
		{AB029AA9-7C3F-4E00-8CD8-2491133C5DAA}.Release|x64.ActiveCfg = Release|Any CPU
		{AB029AA9-7C3F-4E00-8CD8-2491133C5DAA}.Release|x64.Build.0 = Release|Any CPU
		{AB029AA9-7C3F-4E00-8CD8-2491133C5DAA}.Release|x86.ActiveCfg = Release|Any CPU
		{AB029AA9-7C3F-4E00-8CD8-2491133C5DAA}.Release|x86.Build.0 = Release|Any CPU
		{172C8A3F-66D0-43A0-9F85-53EAF620FEDE}.Debug|x64.ActiveCfg = Debug|Any CPU
		{172C8A3F-66D0-43A0-9F85-53EAF620FEDE}.Debug|x64.Build.0 = Debug|Any CPU
		{172C8A3F-66D0-43A0-9F85-53EAF620FEDE}.Debug|x86.ActiveCfg = Debug|Any CPU
		{172C8A3F-66D0-43A0-9F85-53EAF620FEDE}.Debug|x86.Build.0 = Debug|Any CPU
		{172C8A3F-66D0-43A0-9F85-53EAF620FEDE}.Release|Any CPU.ActiveCfg = Release|Any CPU
		{172C8A3F-66D0-43A0-9F85-53EAF620FEDE}.Release|Any CPU.Build.0 = Release|Any CPU
		{172C8A3F-66D0-43A0-9F85-53EAF620FEDE}.Release|x64.ActiveCfg = Release|Any CPU
		{172C8A3F-66D0-43A0-9F85-53EAF620FEDE}.Release|x64.Build.0 = Release|Any CPU
		{172C8A3F-66D0-43A0-9F85-53EAF620FEDE}.Release|x86.ActiveCfg = Release|Any CPU
		{172C8A3F-66D0-43A0-9F85-53EAF620FEDE}.Release|x86.Build.0 = Release|Any CPU
		{172C8A3F-66D0-43A0-9F85-53EAF620FEDE}.Debug|Any CPU.ActiveCfg = Release|Any CPU
		{172C8A3F-66D0-43A0-9F85-53EAF620FEDE}.Debug|Any CPU.Build.0 = Release|Any CPU
		{72F9305D-3A19-4118-8529-007E4AE0BCBC}.Debug|Any CPU.ActiveCfg = Debug|Any CPU
		{72F9305D-3A19-4118-8529-007E4AE0BCBC}.Debug|Any CPU.Build.0 = Debug|Any CPU
		{72F9305D-3A19-4118-8529-007E4AE0BCBC}.Debug|x64.ActiveCfg = Debug|Any CPU
		{72F9305D-3A19-4118-8529-007E4AE0BCBC}.Debug|x64.Build.0 = Debug|Any CPU
		{72F9305D-3A19-4118-8529-007E4AE0BCBC}.Debug|x86.ActiveCfg = Debug|Any CPU
		{72F9305D-3A19-4118-8529-007E4AE0BCBC}.Debug|x86.Build.0 = Debug|Any CPU
		{72F9305D-3A19-4118-8529-007E4AE0BCBC}.Release|Any CPU.ActiveCfg = Release|Any CPU
		{72F9305D-3A19-4118-8529-007E4AE0BCBC}.Release|Any CPU.Build.0 = Release|Any CPU
		{72F9305D-3A19-4118-8529-007E4AE0BCBC}.Release|x64.ActiveCfg = Release|Any CPU
		{72F9305D-3A19-4118-8529-007E4AE0BCBC}.Release|x64.Build.0 = Release|Any CPU
		{72F9305D-3A19-4118-8529-007E4AE0BCBC}.Release|x86.ActiveCfg = Release|Any CPU
		{72F9305D-3A19-4118-8529-007E4AE0BCBC}.Release|x86.Build.0 = Release|Any CPU
		{629FB90D-F08F-499F-9CD0-A522078913A9}.Debug|Any CPU.ActiveCfg = Debug|Any CPU
		{629FB90D-F08F-499F-9CD0-A522078913A9}.Debug|Any CPU.Build.0 = Debug|Any CPU
		{629FB90D-F08F-499F-9CD0-A522078913A9}.Debug|x64.ActiveCfg = Debug|Any CPU
		{629FB90D-F08F-499F-9CD0-A522078913A9}.Debug|x64.Build.0 = Debug|Any CPU
		{629FB90D-F08F-499F-9CD0-A522078913A9}.Debug|x86.ActiveCfg = Debug|Any CPU
		{629FB90D-F08F-499F-9CD0-A522078913A9}.Debug|x86.Build.0 = Debug|Any CPU
		{629FB90D-F08F-499F-9CD0-A522078913A9}.Release|Any CPU.ActiveCfg = Release|Any CPU
		{629FB90D-F08F-499F-9CD0-A522078913A9}.Release|Any CPU.Build.0 = Release|Any CPU
		{629FB90D-F08F-499F-9CD0-A522078913A9}.Release|x64.ActiveCfg = Release|Any CPU
		{629FB90D-F08F-499F-9CD0-A522078913A9}.Release|x64.Build.0 = Release|Any CPU
		{629FB90D-F08F-499F-9CD0-A522078913A9}.Release|x86.ActiveCfg = Release|Any CPU
		{629FB90D-F08F-499F-9CD0-A522078913A9}.Release|x86.Build.0 = Release|Any CPU
	EndGlobalSection
	GlobalSection(SolutionProperties) = preSolution
		HideSolutionNode = FALSE
	EndGlobalSection
	GlobalSection(NestedProjects) = preSolution
		{E9017396-1B6B-4C5F-BC4A-2311A1FD70AA} = {A13DBF4A-BFDD-4FFA-8164-2DE07E39E7D8}
		{AB029AA9-7C3F-4E00-8CD8-2491133C5DAA} = {C34D8035-2C18-4221-9FE3-12A8797F0F2E}
		{8A8E3816-166D-4659-A79C-B708DDA1F2D4} = {C34D8035-2C18-4221-9FE3-12A8797F0F2E}
		{665F10DE-0703-4F25-BE1B-82B64A58546D} = {8A8E3816-166D-4659-A79C-B708DDA1F2D4}
		{BA3E3B52-FDE6-442C-B8F7-339F686F68CE} = {8A8E3816-166D-4659-A79C-B708DDA1F2D4}
		{172C8A3F-66D0-43A0-9F85-53EAF620FEDE} = {BA3E3B52-FDE6-442C-B8F7-339F686F68CE}
		{72F9305D-3A19-4118-8529-007E4AE0BCBC} = {39B9C1EB-5ADA-4004-8F41-CAE85296EADA}
		{629FB90D-F08F-499F-9CD0-A522078913A9} = {665F10DE-0703-4F25-BE1B-82B64A58546D}
	EndGlobalSection
	GlobalSection(ExtensibilityGlobals) = postSolution
		SolutionGuid = {602BD5DD-1AEC-44C9-AAFB-47021D371D96}
	EndGlobalSection
EndGlobal
