
Microsoft Visual Studio Solution File, Format Version 12.00
# Visual Studio 15
VisualStudioVersion = 15.0.26430.6
MinimumVisualStudioVersion = 10.0.40219.1
Project("{2150E333-8FDC-42A3-9474-1A3956D46DE8}") = "Samples", "Samples", "{39B9C1EB-5ADA-4004-8F41-CAE85296EADA}"
EndProject
Project("{2150E333-8FDC-42A3-9474-1A3956D46DE8}") = "Tests", "Tests", "{A13DBF4A-BFDD-4FFA-8164-2DE07E39E7D8}"
EndProject
Project("{9A19103F-16F7-4668-BE54-9A1E7A4F7556}") = "OSS.PaySdk.Samples", "Samples\OSS.PayCenter.Samples\OSS.PaySdk.Samples.csproj", "{09CA61FE-7D55-4980-B6CD-8655009F907D}"
EndProject
Project("{FAE04EC0-301F-11D3-BF4B-00C04F79EFBC}") = "OSS.PaySdk.Tests", "Tests\OSS.PayCenter.Tests\OSS.PayCenter.Tests\OSS.PaySdk.Tests.csproj", "{E9017396-1B6B-4C5F-BC4A-2311A1FD70AA}"
EndProject
Project("{2150E333-8FDC-42A3-9474-1A3956D46DE8}") = "Solution Items", "Solution Items", "{FF8DFEFC-D496-4AE0-9642-E25EC7928351}"
	ProjectSection(SolutionItems) = preProject
		README.md = README.md
	EndProjectSection
EndProject
Project("{2150E333-8FDC-42A3-9474-1A3956D46DE8}") = "Pay", "Pay", "{C34D8035-2C18-4221-9FE3-12A8797F0F2E}"
EndProject
Project("{9A19103F-16F7-4668-BE54-9A1E7A4F7556}") = "OSS.PaySdk.Ali", "Pay\OSS.PaySdk.Ali\OSS.PaySdk.Ali.csproj", "{45156072-BBA4-4B01-BE57-BF2379633E27}"
EndProject
Project("{9A19103F-16F7-4668-BE54-9A1E7A4F7556}") = "OSS.PaySdk.Wx", "Pay\OSS.PaySdk.WX\OSS.PaySdk.Wx.csproj", "{6B836011-7C01-434D-8C26-BD362D8F297C}"
EndProject
Global
	GlobalSection(SolutionConfigurationPlatforms) = preSolution
		Debug|Any CPU = Debug|Any CPU
		Debug|x64 = Debug|x64
		Debug|x86 = Debug|x86
		Release|Any CPU = Release|Any CPU
		Release|x64 = Release|x64
		Release|x86 = Release|x86
	EndGlobalSection
	GlobalSection(ProjectConfigurationPlatforms) = postSolution
		{09CA61FE-7D55-4980-B6CD-8655009F907D}.Debug|Any CPU.ActiveCfg = Debug|Any CPU
		{09CA61FE-7D55-4980-B6CD-8655009F907D}.Debug|Any CPU.Build.0 = Debug|Any CPU
		{09CA61FE-7D55-4980-B6CD-8655009F907D}.Debug|x64.ActiveCfg = Debug|Any CPU
		{09CA61FE-7D55-4980-B6CD-8655009F907D}.Debug|x64.Build.0 = Debug|Any CPU
		{09CA61FE-7D55-4980-B6CD-8655009F907D}.Debug|x86.ActiveCfg = Debug|Any CPU
		{09CA61FE-7D55-4980-B6CD-8655009F907D}.Debug|x86.Build.0 = Debug|Any CPU
		{09CA61FE-7D55-4980-B6CD-8655009F907D}.Release|Any CPU.ActiveCfg = Release|Any CPU
		{09CA61FE-7D55-4980-B6CD-8655009F907D}.Release|Any CPU.Build.0 = Release|Any CPU
		{09CA61FE-7D55-4980-B6CD-8655009F907D}.Release|x64.ActiveCfg = Release|Any CPU
		{09CA61FE-7D55-4980-B6CD-8655009F907D}.Release|x64.Build.0 = Release|Any CPU
		{09CA61FE-7D55-4980-B6CD-8655009F907D}.Release|x86.ActiveCfg = Release|Any CPU
		{09CA61FE-7D55-4980-B6CD-8655009F907D}.Release|x86.Build.0 = Release|Any CPU
		{E9017396-1B6B-4C5F-BC4A-2311A1FD70AA}.Debug|Any CPU.ActiveCfg = Debug|Any CPU
		{E9017396-1B6B-4C5F-BC4A-2311A1FD70AA}.Debug|Any CPU.Build.0 = Debug|Any CPU
		{E9017396-1B6B-4C5F-BC4A-2311A1FD70AA}.Debug|x64.ActiveCfg = Debug|Any CPU
		{E9017396-1B6B-4C5F-BC4A-2311A1FD70AA}.Debug|x64.Build.0 = Debug|Any CPU
		{E9017396-1B6B-4C5F-BC4A-2311A1FD70AA}.Debug|x86.ActiveCfg = Debug|Any CPU
		{E9017396-1B6B-4C5F-BC4A-2311A1FD70AA}.Debug|x86.Build.0 = Debug|Any CPU
		{E9017396-1B6B-4C5F-BC4A-2311A1FD70AA}.Release|Any CPU.ActiveCfg = Release|Any CPU
		{E9017396-1B6B-4C5F-BC4A-2311A1FD70AA}.Release|Any CPU.Build.0 = Release|Any CPU
		{E9017396-1B6B-4C5F-BC4A-2311A1FD70AA}.Release|x64.ActiveCfg = Release|Any CPU
		{E9017396-1B6B-4C5F-BC4A-2311A1FD70AA}.Release|x64.Build.0 = Release|Any CPU
		{E9017396-1B6B-4C5F-BC4A-2311A1FD70AA}.Release|x86.ActiveCfg = Release|Any CPU
		{E9017396-1B6B-4C5F-BC4A-2311A1FD70AA}.Release|x86.Build.0 = Release|Any CPU
		{45156072-BBA4-4B01-BE57-BF2379633E27}.Debug|Any CPU.ActiveCfg = Release|Any CPU
		{45156072-BBA4-4B01-BE57-BF2379633E27}.Debug|Any CPU.Build.0 = Release|Any CPU
		{45156072-BBA4-4B01-BE57-BF2379633E27}.Debug|x64.ActiveCfg = Debug|Any CPU
		{45156072-BBA4-4B01-BE57-BF2379633E27}.Debug|x64.Build.0 = Debug|Any CPU
		{45156072-BBA4-4B01-BE57-BF2379633E27}.Debug|x86.ActiveCfg = Debug|Any CPU
		{45156072-BBA4-4B01-BE57-BF2379633E27}.Debug|x86.Build.0 = Debug|Any CPU
		{45156072-BBA4-4B01-BE57-BF2379633E27}.Release|Any CPU.ActiveCfg = Release|Any CPU
		{45156072-BBA4-4B01-BE57-BF2379633E27}.Release|Any CPU.Build.0 = Release|Any CPU
		{45156072-BBA4-4B01-BE57-BF2379633E27}.Release|x64.ActiveCfg = Release|Any CPU
		{45156072-BBA4-4B01-BE57-BF2379633E27}.Release|x64.Build.0 = Release|Any CPU
		{45156072-BBA4-4B01-BE57-BF2379633E27}.Release|x86.ActiveCfg = Release|Any CPU
		{45156072-BBA4-4B01-BE57-BF2379633E27}.Release|x86.Build.0 = Release|Any CPU
		{6B836011-7C01-434D-8C26-BD362D8F297C}.Debug|Any CPU.ActiveCfg = Release|Any CPU
		{6B836011-7C01-434D-8C26-BD362D8F297C}.Debug|Any CPU.Build.0 = Release|Any CPU
		{6B836011-7C01-434D-8C26-BD362D8F297C}.Debug|x64.ActiveCfg = Debug|Any CPU
		{6B836011-7C01-434D-8C26-BD362D8F297C}.Debug|x64.Build.0 = Debug|Any CPU
		{6B836011-7C01-434D-8C26-BD362D8F297C}.Debug|x86.ActiveCfg = Debug|Any CPU
		{6B836011-7C01-434D-8C26-BD362D8F297C}.Debug|x86.Build.0 = Debug|Any CPU
		{6B836011-7C01-434D-8C26-BD362D8F297C}.Release|Any CPU.ActiveCfg = Release|Any CPU
		{6B836011-7C01-434D-8C26-BD362D8F297C}.Release|Any CPU.Build.0 = Release|Any CPU
		{6B836011-7C01-434D-8C26-BD362D8F297C}.Release|x64.ActiveCfg = Release|Any CPU
		{6B836011-7C01-434D-8C26-BD362D8F297C}.Release|x64.Build.0 = Release|Any CPU
		{6B836011-7C01-434D-8C26-BD362D8F297C}.Release|x86.ActiveCfg = Release|Any CPU
		{6B836011-7C01-434D-8C26-BD362D8F297C}.Release|x86.Build.0 = Release|Any CPU
	EndGlobalSection
	GlobalSection(SolutionProperties) = preSolution
		HideSolutionNode = FALSE
	EndGlobalSection
	GlobalSection(NestedProjects) = preSolution
		{09CA61FE-7D55-4980-B6CD-8655009F907D} = {39B9C1EB-5ADA-4004-8F41-CAE85296EADA}
		{E9017396-1B6B-4C5F-BC4A-2311A1FD70AA} = {A13DBF4A-BFDD-4FFA-8164-2DE07E39E7D8}
		{45156072-BBA4-4B01-BE57-BF2379633E27} = {C34D8035-2C18-4221-9FE3-12A8797F0F2E}
		{6B836011-7C01-434D-8C26-BD362D8F297C} = {C34D8035-2C18-4221-9FE3-12A8797F0F2E}
	EndGlobalSection
EndGlobal
